
Microsoft Visual Studio Solution File, Format Version 12.00
# Visual Studio Version 17
VisualStudioVersion = 17.4.33205.214
MinimumVisualStudioVersion = 10.0.40219.1
Project("{888888A0-9F3D-457C-B088-3A5042F75D52}") = "urok 16.01", "urok 16.01\urok 16.01.pyproj", "{EB6C2C23-8CE3-4695-9053-F145A0974018}"
EndProject
Global
	GlobalSection(SolutionConfigurationPlatforms) = preSolution
		Debug|Any CPU = Debug|Any CPU
		Release|Any CPU = Release|Any CPU
	EndGlobalSection
	GlobalSection(ProjectConfigurationPlatforms) = postSolution
		{EB6C2C23-8CE3-4695-9053-F145A0974018}.Debug|Any CPU.ActiveCfg = Debug|Any CPU
		{EB6C2C23-8CE3-4695-9053-F145A0974018}.Release|Any CPU.ActiveCfg = Release|Any CPU
	EndGlobalSection
	GlobalSection(SolutionProperties) = preSolution
		HideSolutionNode = FALSE
	EndGlobalSection
	GlobalSection(ExtensibilityGlobals) = postSolution
		SolutionGuid = {5A0070BC-A51D-447F-A9B3-39D171F0562A}
	EndGlobalSection
EndGlobal
